{
  "name": "sortir",
  "lockfileVersion": 2,
  "requires": true,
  "packages": {
    "vendor/symfony/ux-autocomplete/assets": {
      "name": "@symfony/ux-autocomplete",
      "version": "1.0.0",
      "extraneous": true,
      "license": "MIT",
      "devDependencies": {
        "@hotwired/stimulus": "^3.0.0",
        "fetch-mock-jest": "^1.5.1",
        "tom-select": "^2.0.1"
      },
      "peerDependencies": {
        "@hotwired/stimulus": "^3.0.0",
        "tom-select": "^2.0.1"
      }
    },
    "vendor/symfony/ux-chartjs/Resources/assets": {
      "name": "@symfony/ux-chartjs",
      "version": "1.1.0",
      "extraneous": true,
      "license": "MIT",
      "devDependencies": {
        "@hotwired/stimulus": "^3.0.0",
        "@types/chart.js": "^2.9.34",
        "chart.js": "^3.4.1",
        "jest-canvas-mock": "^2.3.0",
        "resize-observer-polyfill": "^1.5.1"
      },
      "peerDependencies": {
        "@hotwired/stimulus": "^3.0.0",
        "chart.js": "^3.4.1"
      }
    },
    "vendor/symfony/ux-dropzone/Resources/assets": {
      "name": "@symfony/ux-dropzone",
      "version": "1.1.0",
      "extraneous": true,
      "license": "MIT",
      "devDependencies": {
        "@hotwired/stimulus": "^3.0.0"
      },
      "peerDependencies": {
        "@hotwired/stimulus": "^3.0.0"
      }
    },
    "vendor/symfony/ux-lazy-image/Resources/assets": {
      "name": "@symfony/ux-lazy-image",
      "version": "1.1.0",
      "extraneous": true,
      "license": "MIT",
      "devDependencies": {
        "@hotwired/stimulus": "^3.0.0"
      },
      "peerDependencies": {
        "@hotwired/stimulus": "^3.0.0"
      }
    },
    "vendor/symfony/ux-live-component/assets": {
      "name": "@symfony/ux-live-component",
      "version": "1.0.0",
      "extraneous": true,
      "license": "MIT",
      "dependencies": {
        "morphdom": "^2.6.1"
      },
      "devDependencies": {
        "@hotwired/stimulus": "^3.0.0",
        "@testing-library/dom": "^7.31.0",
        "@testing-library/user-event": "^13.1.9",
        "fetch-mock-jest": "^1.5.1",
        "node-fetch": "^2.6.1"
      },
      "peerDependencies": {
        "@hotwired/stimulus": "^3.0.0"
      }
    },
    "vendor/symfony/ux-react/Resources/assets": {
      "name": "@symfony/ux-react",
      "version": "1.0.0",
      "extraneous": true,
      "license": "MIT",
      "devDependencies": {
        "@hotwired/stimulus": "^3.0.0",
        "@types/react": "^18.0",
        "@types/react-dom": "^18.0",
        "@types/webpack-env": "^1.16",
        "react": "^18.0",
        "react-dom": "^18.0"
      },
      "peerDependencies": {
        "@hotwired/stimulus": "^3.0.0",
        "react": "^18.0",
        "react-dom": "^18.0"
      }
    },
    "vendor/symfony/ux-swup/Resources/assets": {
      "name": "@symfony/ux-swup",
      "version": "1.1.0",
      "extraneous": true,
      "license": "MIT",
      "devDependencies": {
        "@hotwired/stimulus": "^3.0.0",
        "@swup/debug-plugin": "^1.0",
        "@swup/fade-theme": "^1.0",
        "@swup/forms-plugin": "^1.0",
        "@swup/slide-theme": "^1.0",
        "swup": "^2.0"
      },
      "peerDependencies": {
        "@hotwired/stimulus": "^3.0.0",
        "@swup/debug-plugin": "^1.0",
        "@swup/fade-theme": "^1.0",
        "@swup/forms-plugin": "^1.0",
        "@swup/slide-theme": "^1.0",
        "swup": "^2.0"
      }
    },
    "vendor/symfony/ux-turbo/Resources/assets": {
      "name": "@symfony/ux-turbo",
      "version": "0.1.0",
      "extraneous": true,
      "license": "MIT",
      "devDependencies": {
        "@hotwired/stimulus": "^3.0.0",
        "@hotwired/turbo": "^7.1.0"
      },
      "peerDependencies": {
        "@hotwired/stimulus": "^3.0.0",
        "@hotwired/turbo": "^7.0.1"
      }
    },
    "vendor/symfony/ux-typed/Resources/assets": {
      "name": "@symfony/ux-typed",
      "version": "1.0.0",
      "extraneous": true,
      "license": "MIT",
      "devDependencies": {
        "@hotwired/stimulus": "^3.0.0",
        "typed.js": "^2.0"
      },
      "peerDependencies": {
        "@hotwired/stimulus": "^3.0.0",
        "typed.js": "^2.0"
      }
    },
    "vendor/symfony/ux-vue/Resources/assets": {
      "name": "@symfony/ux-vue",
      "version": "1.0.0",
      "extraneous": true,
      "license": "MIT",
      "devDependencies": {
        "@hotwired/stimulus": "^3.0.0",
        "@types/webpack-env": "^1.16",
        "@vue/vue3-jest": "^27.0.0",
        "ts-jest": "^27.1.5",
        "vue": "^3.0"
      },
      "peerDependencies": {
        "@hotwired/stimulus": "^3.0.0",
        "vue": "^3.0"
      }
    }
  }
}
